
Microsoft Visual Studio Solution File, Format Version 12.00
# Visual Studio 15
VisualStudioVersion = 15.0.27428.2027
MinimumVisualStudioVersion = 10.0.40219.1
Project("{FAE04EC0-301F-11D3-BF4B-00C04F79EFBC}") = "Claymore watcher", "Claymore watcher\Claymore watcher.csproj", "{C79C2330-5A04-43D3-841F-69734235D1CF}"
EndProject
Global
	GlobalSection(SolutionConfigurationPlatforms) = preSolution
		Debug|Any CPU = Debug|Any CPU
		Release|Any CPU = Release|Any CPU
	EndGlobalSection
	GlobalSection(ProjectConfigurationPlatforms) = postSolution
		{C79C2330-5A04-43D3-841F-69734235D1CF}.Debug|Any CPU.ActiveCfg = Debug|Any CPU
		{C79C2330-5A04-43D3-841F-69734235D1CF}.Debug|Any CPU.Build.0 = Debug|Any CPU
		{C79C2330-5A04-43D3-841F-69734235D1CF}.Release|Any CPU.ActiveCfg = Release|Any CPU
		{C79C2330-5A04-43D3-841F-69734235D1CF}.Release|Any CPU.Build.0 = Release|Any CPU
	EndGlobalSection
	GlobalSection(SolutionProperties) = preSolution
		HideSolutionNode = FALSE
	EndGlobalSection
	GlobalSection(ExtensibilityGlobals) = postSolution
		SolutionGuid = {5C1170BE-AF62-4511-A5B8-E3ED264C42BA}
	EndGlobalSection
EndGlobal
